{
  "name": "laplace",
  "version": "0.0.0",
  "lockfileVersion": 1,
  "requires": true,
  "dependencies": {
    "@types/musicmetadata": {
      "version": "2.0.4",
      "resolved": "https://registry.npmjs.org/@types/musicmetadata/-/musicmetadata-2.0.4.tgz",
      "integrity": "sha512-sZoVUsjNUdgryvFMQOWcYXD7Xi5jBwa7QArwgwfXh4B0w0Wqq2rExeX852GxyBVsPzZzA28ZuSjsJc+p5Y8nng==",
      "requires": {
        "@types/node": "10.12.10"
      }
    },
    "@types/node": {
      "version": "10.12.10",
      "resolved": "https://registry.npmjs.org/@types/node/-/node-10.12.10.tgz",
      "integrity": "sha512-8xZEYckCbUVgK8Eg7lf5Iy4COKJ5uXlnIOnePN0WUwSQggy9tolM+tDJf7wMOnT/JT/W9xDYIaYggt3mRV2O5w=="
    },
    "ajv": {
      "version": "5.5.2",
      "resolved": "https://registry.npmjs.org/ajv/-/ajv-5.5.2.tgz",
      "integrity": "sha1-c7Xuyj+rZT49P5Qis0GtQiBdyWU=",
      "requires": {
        "co": "4.6.0",
        "fast-deep-equal": "1.1.0",
        "fast-json-stable-stringify": "2.0.0",
        "json-schema-traverse": "0.3.1"
      }
    },
    "asn1": {
      "version": "0.2.4",
      "resolved": "https://registry.npmjs.org/asn1/-/asn1-0.2.4.tgz",
      "integrity": "sha512-jxwzQpLQjSmWXgwaCZE9Nz+glAG01yF1QnWgbhGwHI5A6FRIEY6IVqtHhIepHqI7/kyEyQEagBC5mBEFlIYvdg==",
      "requires": {
        "safer-buffer": "2.1.2"
      }
    },
    "assert-plus": {
      "version": "1.0.0",
      "resolved": "https://registry.npmjs.org/assert-plus/-/assert-plus-1.0.0.tgz",
      "integrity": "sha1-8S4PPF13sLHN2RRpQuTpbB5N1SU="
    },
    "async": {
      "version": "2.6.1",
      "resolved": "https://registry.npmjs.org/async/-/async-2.6.1.tgz",
      "integrity": "sha512-fNEiL2+AZt6AlAw/29Cr0UDe4sRAHCpEHh54WMz+Bb7QfNcFw4h3loofyJpLeQs4Yx7yuqu/2dLgM5hKOs6HlQ==",
      "requires": {
        "lodash": "4.17.11"
      }
    },
    "async-limiter": {
      "version": "1.0.0",
      "resolved": "https://registry.npmjs.org/async-limiter/-/async-limiter-1.0.0.tgz",
      "integrity": "sha512-jp/uFnooOiO+L211eZOoSyzpOITMXx1rBITauYykG3BRYPu8h0UcxsPNB04RR5vo4Tyz3+ay17tR6JVf9qzYWg=="
    },
    "asynckit": {
      "version": "0.4.0",
      "resolved": "https://registry.npmjs.org/asynckit/-/asynckit-0.4.0.tgz",
      "integrity": "sha1-x57Zf380y48robyXkLzDZkdLS3k="
    },
    "aws-sign2": {
      "version": "0.7.0",
      "resolved": "https://registry.npmjs.org/aws-sign2/-/aws-sign2-0.7.0.tgz",
      "integrity": "sha1-tG6JCTSpWR8tL2+G1+ap8bP+dqg="
    },
    "aws4": {
      "version": "1.8.0",
      "resolved": "https://registry.npmjs.org/aws4/-/aws4-1.8.0.tgz",
      "integrity": "sha512-ReZxvNHIOv88FlT7rxcXIIC0fPt4KZqZbOlivyWtXLt8ESx84zd3kMC6iK5jVeS2qt+g7ftS7ye4fi06X5rtRQ=="
    },
    "axios": {
      "version": "0.16.2",
      "resolved": "https://registry.npmjs.org/axios/-/axios-0.16.2.tgz",
      "integrity": "sha1-uk+S8XFn37q0CYN4VFS5rBScPG0=",
      "optional": true,
      "requires": {
        "follow-redirects": "1.5.10",
        "is-buffer": "1.1.6"
      }
    },
    "babel-runtime": {
      "version": "6.26.0",
      "resolved": "https://registry.npmjs.org/babel-runtime/-/babel-runtime-6.26.0.tgz",
      "integrity": "sha1-llxwWGaOgrVde/4E/yM3vItWR/4=",
      "requires": {
        "core-js": "2.5.7",
        "regenerator-runtime": "0.11.1"
      }
    },
    "bcrypt-pbkdf": {
      "version": "1.0.2",
      "resolved": "https://registry.npmjs.org/bcrypt-pbkdf/-/bcrypt-pbkdf-1.0.2.tgz",
      "integrity": "sha1-pDAdOJtqQ/m2f/PKEaP2Y342Dp4=",
      "optional": true,
      "requires": {
        "tweetnacl": "0.14.5"
      },
      "dependencies": {
        "tweetnacl": {
          "version": "0.14.5",
          "resolved": "https://registry.npmjs.org/tweetnacl/-/tweetnacl-0.14.5.tgz",
          "integrity": "sha1-WuaBd/GS1EViadEIr6k/+HQ/T2Q=",
          "optional": true
        }
      }
    },
    "boom": {
      "version": "7.2.2",
      "resolved": "https://registry.npmjs.org/boom/-/boom-7.2.2.tgz",
      "integrity": "sha512-IFUbOa8PS7xqmhIjpeStwT3d09hGkNYQ6aj2iELSTxcVs2u0aKn1NzhkdUQSzsRg1FVkj3uit3I6mXQCBixw+A==",
      "requires": {
        "hoek": "6.0.3"
      }
    },
    "caseless": {
      "version": "0.12.0",
      "resolved": "https://registry.npmjs.org/caseless/-/caseless-0.12.0.tgz",
      "integrity": "sha1-G2gcIf+EAzyCZUMJBolCDRhxUdw="
    },
    "cassette": {
      "version": "git+https://github.com/Vamic/cassette.git#a956395f3d823663abceb2bcff3719f1a0c6091d",
      "requires": {
        "@types/musicmetadata": "2.0.4",
        "axios": "0.16.2",
        "musicmetadata": "2.0.5",
        "simple-youtube-api": "5.1.1",
        "ytdl-core": "0.20.4"
      },
      "dependencies": {
        "m3u8stream": {
          "version": "0.2.2",
          "resolved": "http://registry.npmjs.org/m3u8stream/-/m3u8stream-0.2.2.tgz",
          "integrity": "sha512-R/xWLXBtVr0m9sPruRL4p9uO01JyHxhcQ4nhqQhVgyT802OZyVW+dn+fWHvTnbfE6YMLc65TksZZut+Mh2OVMQ==",
          "optional": true,
          "requires": {
            "miniget": "1.5.1"
          }
        },
        "ytdl-core": {
          "version": "0.20.4",
          "resolved": "https://registry.npmjs.org/ytdl-core/-/ytdl-core-0.20.4.tgz",
          "integrity": "sha512-d+jthiJxSQ6yqCeCwwMggXYOjFSOJsD7ahvAAE1sFW9nVNnsA/roz91SFH1FzaMGS7/y7AnJfhVgpE9i8uYjJQ==",
          "optional": true,
          "requires": {
            "html-entities": "1.2.1",
            "m3u8stream": "0.2.2",
            "miniget": "1.5.1",
            "sax": "1.2.4"
          }
        }
      }
    },
    "co": {
      "version": "4.6.0",
      "resolved": "https://registry.npmjs.org/co/-/co-4.6.0.tgz",
      "integrity": "sha1-bqa989hTrlTMuOR7+gvz+QMfsYQ="
    },
    "combined-stream": {
      "version": "1.0.6",
      "resolved": "https://registry.npmjs.org/combined-stream/-/combined-stream-1.0.6.tgz",
      "integrity": "sha1-cj599ugBrFYTETp+RFqbactjKBg=",
      "requires": {
        "delayed-stream": "1.0.0"
      }
    },
    "complex.js": {
      "version": "2.0.11",
      "resolved": "https://registry.npmjs.org/complex.js/-/complex.js-2.0.11.tgz",
      "integrity": "sha512-6IArJLApNtdg1P1dFtn3dnyzoZBEF0MwMnrfF1exSBRpZYoy4yieMkpZhQDC0uwctw48vii0CFVyHfpgZ/DfGw=="
    },
    "core-js": {
      "version": "2.5.7",
      "resolved": "https://registry.npmjs.org/core-js/-/core-js-2.5.7.tgz",
      "integrity": "sha512-RszJCAxg/PP6uzXVXL6BsxSXx/B05oJAQ2vkJRjyjrEcNVycaqOmNb5OTxZPE3xa5gwZduqza6L9JOCenh/Ecw=="
    },
    "core-util-is": {
      "version": "1.0.2",
      "resolved": "https://registry.npmjs.org/core-util-is/-/core-util-is-1.0.2.tgz",
      "integrity": "sha1-tf1UIgqivFq1eqtxQMlAdUUDwac="
    },
    "cryptiles": {
      "version": "4.1.3",
      "resolved": "https://registry.npmjs.org/cryptiles/-/cryptiles-4.1.3.tgz",
      "integrity": "sha512-gT9nyTMSUC1JnziQpPbxKGBbUg8VL7Zn2NB4E1cJYvuXdElHrwxrV9bmltZGDzet45zSDGyYceueke1TjynGzw==",
      "requires": {
        "boom": "7.2.2"
      }
    },
    "dashdash": {
      "version": "1.14.1",
      "resolved": "https://registry.npmjs.org/dashdash/-/dashdash-1.14.1.tgz",
      "integrity": "sha1-hTz6D3y+L+1d4gMmuN1YEDX24vA=",
      "requires": {
        "assert-plus": "1.0.0"
      }
    },
    "debug": {
      "version": "3.1.0",
      "resolved": "https://registry.npmjs.org/debug/-/debug-3.1.0.tgz",
      "integrity": "sha512-OX8XqP7/1a9cqkxYw2yXss15f26NKWBpDXQd0/uK/KPqdQhxbPa994hnzjcE2VqQpDslf55723cKPUOGSmMY3g==",
      "optional": true,
      "requires": {
        "ms": "2.0.0"
      }
    },
    "decimal.js": {
      "version": "10.0.1",
      "resolved": "https://registry.npmjs.org/decimal.js/-/decimal.js-10.0.1.tgz",
      "integrity": "sha512-vklWB5C4Cj423xnaOtsUmAv0/7GqlXIgDv2ZKDyR64OV3OSzGHNx2mk4p/1EKnB5s70k73cIOOEcG9YzF0q4Lw=="
    },
    "deep-equal": {
      "version": "0.2.1",
      "resolved": "https://registry.npmjs.org/deep-equal/-/deep-equal-0.2.1.tgz",
      "integrity": "sha1-+tenkyJMvww8d4b5LveA5PyMyHg="
    },
    "delayed-stream": {
      "version": "1.0.0",
      "resolved": "https://registry.npmjs.org/delayed-stream/-/delayed-stream-1.0.0.tgz",
      "integrity": "sha1-3zrhmayt+31ECqrgsp4icrJOxhk="
    },
    "discord.js": {
      "version": "11.4.2",
      "resolved": "https://registry.npmjs.org/discord.js/-/discord.js-11.4.2.tgz",
      "integrity": "sha512-MDwpu0lMFTjqomijDl1Ed9miMQe6kB4ifKdP28QZllmLv/HVOJXhatRgjS8urp/wBlOfx+qAYSXcdI5cKGYsfg==",
      "requires": {
        "long": "4.0.0",
        "prism-media": "0.0.3",
        "snekfetch": "3.6.4",
        "tweetnacl": "1.0.0",
        "ws": "4.1.0"
      },
      "dependencies": {
        "prism-media": {
          "version": "0.0.3",
          "resolved": "https://registry.npmjs.org/prism-media/-/prism-media-0.0.3.tgz",
          "integrity": "sha512-c9KkNifSMU/iXT8FFTaBwBMr+rdVcN+H/uNv1o+CuFeTThNZNTOrQ+RgXA1yL/DeLk098duAeRPP3QNPNbhxYQ=="
        }
      }
    },
    "discord.js-music": {
      "version": "2.1.0",
      "resolved": "https://registry.npmjs.org/discord.js-music/-/discord.js-music-2.1.0.tgz",
      "integrity": "sha512-+vrHEhkShVD0kR9PP6+q7gynVNVbNqjrrKd78QHXlDGpaUHbz090516GlAkpCyITz7AHaHl0565ilkm6tUjQKw==",
      "requires": {
        "cassette": "git+https://github.com/Vamic/cassette.git#a956395f3d823663abceb2bcff3719f1a0c6091d"
      }
    },
    "dotenv": {
      "version": "6.1.0",
      "resolved": "https://registry.npmjs.org/dotenv/-/dotenv-6.1.0.tgz",
      "integrity": "sha512-/veDn2ztgRlB7gKmE3i9f6CmDIyXAy6d5nBq+whO9SLX+Zs1sXEgFLPi+aSuWqUuusMfbi84fT8j34fs1HaYUw=="
    },
    "doublearray": {
      "version": "0.0.2",
      "resolved": "https://registry.npmjs.org/doublearray/-/doublearray-0.0.2.tgz",
      "integrity": "sha1-Yxhv6NNEEydtNiH2qg7F954ifvk="
    },
    "ecc-jsbn": {
      "version": "0.1.2",
      "resolved": "https://registry.npmjs.org/ecc-jsbn/-/ecc-jsbn-0.1.2.tgz",
      "integrity": "sha1-OoOpBOVDUyh4dMVkt1SThoSamMk=",
      "optional": true,
      "requires": {
        "jsbn": "0.1.1",
        "safer-buffer": "2.1.2"
      }
    },
    "entities": {
      "version": "1.1.2",
      "resolved": "https://registry.npmjs.org/entities/-/entities-1.1.2.tgz",
      "integrity": "sha512-f2LZMYl1Fzu7YSBKg+RoROelpOaNrcGmE9AZubeDfrCEia483oW4MI4VyFd5VNHIgQ/7qm1I0wUHK1eJnn2y2w=="
    },
    "escape-latex": {
      "version": "1.2.0",
      "resolved": "https://registry.npmjs.org/escape-latex/-/escape-latex-1.2.0.tgz",
      "integrity": "sha512-nV5aVWW1K0wEiUIEdZ4erkGGH8mDxGyxSeqPzRNtWP7ataw+/olFObw7hujFWlVjNsaDFw5VZ5NzVSIqRgfTiw=="
    },
    "extend": {
      "version": "3.0.2",
      "resolved": "https://registry.npmjs.org/extend/-/extend-3.0.2.tgz",
      "integrity": "sha512-fjquC59cD7CyW6urNXK0FBufkZcoiGG80wTuPujX590cB5Ttln20E2UB4S/WARVqhXffZl2LNgS+gQdPIIim/g=="
    },
    "extsprintf": {
      "version": "1.3.0",
      "resolved": "https://registry.npmjs.org/extsprintf/-/extsprintf-1.3.0.tgz",
      "integrity": "sha1-lpGEQOMEGnpBT4xS48V06zw+HgU="
    },
    "fast-deep-equal": {
      "version": "1.1.0",
      "resolved": "https://registry.npmjs.org/fast-deep-equal/-/fast-deep-equal-1.1.0.tgz",
      "integrity": "sha1-wFNHeBfIa1HaqFPIHgWbcz0CNhQ="
    },
    "fast-json-stable-stringify": {
      "version": "2.0.0",
      "resolved": "https://registry.npmjs.org/fast-json-stable-stringify/-/fast-json-stable-stringify-2.0.0.tgz",
      "integrity": "sha1-1RQsDK7msRifh9OnYREGT4bIu/I="
    },
    "filereader-stream": {
      "version": "0.2.0",
      "resolved": "https://registry.npmjs.org/filereader-stream/-/filereader-stream-0.2.0.tgz",
      "integrity": "sha1-FjdKICcVtkC2Zuz/0HCJk46f8R8=",
      "requires": {
        "inherits": "1.0.0"
      }
    },
    "follow-redirects": {
      "version": "1.5.10",
      "resolved": "https://registry.npmjs.org/follow-redirects/-/follow-redirects-1.5.10.tgz",
      "integrity": "sha512-0V5l4Cizzvqt5D44aTXbFZz+FtyXV1vrDN6qrelxtfYQKW0KO0W2T/hkE8xvGa/540LkZlkaUjO4ailYTFtHVQ==",
      "optional": true,
      "requires": {
        "debug": "3.1.0"
      }
    },
    "forever-agent": {
      "version": "0.6.1",
      "resolved": "https://registry.npmjs.org/forever-agent/-/forever-agent-0.6.1.tgz",
      "integrity": "sha1-+8cfDEGt6zf5bFd60e1C2P2sypE="
    },
    "form-data": {
      "version": "2.3.2",
      "resolved": "https://registry.npmjs.org/form-data/-/form-data-2.3.2.tgz",
      "integrity": "sha1-SXBJi+YEwgwAXU9cI67NIda0kJk=",
      "requires": {
        "asynckit": "0.4.0",
        "combined-stream": "1.0.6",
        "mime-types": "2.1.20"
      }
    },
    "fraction.js": {
      "version": "4.0.10",
      "resolved": "https://registry.npmjs.org/fraction.js/-/fraction.js-4.0.10.tgz",
      "integrity": "sha512-MHkhk6ggCtwVhKR4pbF+aWrV+8cIVxyWhucESF/1NEcYDgRm4oze/2M09yGTGUQ3WQyZSdcoswJSThc2VGb+KQ=="
    },
    "getpass": {
      "version": "0.1.7",
      "resolved": "https://registry.npmjs.org/getpass/-/getpass-0.1.7.tgz",
      "integrity": "sha1-Xv+OPmhNVprkyysSgmBOi6YhSfo=",
      "requires": {
        "assert-plus": "1.0.0"
      }
    },
    "google-translate": {
      "version": "2.2.0",
      "resolved": "https://registry.npmjs.org/google-translate/-/google-translate-2.2.0.tgz",
      "integrity": "sha512-k9MuJIRUAhEpdd732mKWxONOmpA8gX4bJtwsOQCEwFVcm+V0eIGBq4uMWw69Lu9GvJO77w+STma5rh4W+62p+g==",
      "requires": {
        "async": "2.6.1",
        "he": "1.1.1",
        "request": "2.87.0",
        "underscore": "1.9.1"
      },
      "dependencies": {
        "request": {
          "version": "2.87.0",
          "resolved": "https://registry.npmjs.org/request/-/request-2.87.0.tgz",
          "integrity": "sha512-fcogkm7Az5bsS6Sl0sibkbhcKsnyon/jV1kF3ajGmF0c8HrttdKTPRT9hieOaQHA5HEq6r8OyWOo/o781C1tNw==",
          "requires": {
            "aws-sign2": "0.7.0",
            "aws4": "1.8.0",
            "caseless": "0.12.0",
            "combined-stream": "1.0.6",
            "extend": "3.0.2",
            "forever-agent": "0.6.1",
            "form-data": "2.3.2",
            "har-validator": "5.0.3",
            "http-signature": "1.2.0",
            "is-typedarray": "1.0.0",
            "isstream": "0.1.2",
            "json-stringify-safe": "5.0.1",
            "mime-types": "2.1.20",
            "oauth-sign": "0.8.2",
            "performance-now": "2.1.0",
            "qs": "6.5.2",
            "safe-buffer": "5.1.2",
            "tough-cookie": "2.3.4",
            "tunnel-agent": "0.6.0",
            "uuid": "3.3.2"
          }
        }
      }
    },
    "har-schema": {
      "version": "2.0.0",
      "resolved": "https://registry.npmjs.org/har-schema/-/har-schema-2.0.0.tgz",
      "integrity": "sha1-qUwiJOvKwEeCoNkDVSHyRzW37JI="
    },
    "har-validator": {
      "version": "5.0.3",
      "resolved": "https://registry.npmjs.org/har-validator/-/har-validator-5.0.3.tgz",
      "integrity": "sha1-ukAsJmGU8VlW7xXg/PJCmT9qff0=",
      "requires": {
        "ajv": "5.5.2",
        "har-schema": "2.0.0"
      }
    },
    "he": {
      "version": "1.1.1",
      "resolved": "https://registry.npmjs.org/he/-/he-1.1.1.tgz",
      "integrity": "sha1-k0EP0hsAlzUVH4howvJx80J+I/0="
    },
    "hoek": {
      "version": "6.0.3",
      "resolved": "https://registry.npmjs.org/hoek/-/hoek-6.0.3.tgz",
      "integrity": "sha512-TU6RyZ/XaQCTWRLrdqZZtZqwxUVr6PDMfi6MlWNURZ7A6czanQqX4pFE1mdOUQR9FdPCsZ0UzL8jI/izZ+eBSQ=="
    },
    "html-entities": {
      "version": "1.2.1",
      "resolved": "https://registry.npmjs.org/html-entities/-/html-entities-1.2.1.tgz",
      "integrity": "sha1-DfKTUfByEWNRXfueVUPl9u7VFi8="
    },
    "http-signature": {
      "version": "1.2.0",
      "resolved": "https://registry.npmjs.org/http-signature/-/http-signature-1.2.0.tgz",
      "integrity": "sha1-muzZJRFHcvPZW2WmCruPfBj7rOE=",
      "requires": {
        "assert-plus": "1.0.0",
        "jsprim": "1.4.1",
        "sshpk": "1.14.2"
      }
    },
    "inherits": {
      "version": "1.0.0",
      "resolved": "https://registry.npmjs.org/inherits/-/inherits-1.0.0.tgz",
      "integrity": "sha1-OOGXUoW/H3upyE2hArsSdxMirEg="
    },
    "is-buffer": {
      "version": "1.1.6",
      "resolved": "https://registry.npmjs.org/is-buffer/-/is-buffer-1.1.6.tgz",
      "integrity": "sha512-NcdALwpXkTm5Zvvbk7owOUSvVvBKDgKP5/ewfXEznmQFfs4ZRmanOeKBTjRVjka3QFoN6XJ+9F3USqfHqTaU5w==",
      "optional": true
    },
    "is-stream": {
      "version": "1.1.0",
      "resolved": "https://registry.npmjs.org/is-stream/-/is-stream-1.1.0.tgz",
      "integrity": "sha1-EtSj3U5o4Lec6428hBc66A2RykQ="
    },
    "is-typedarray": {
      "version": "1.0.0",
      "resolved": "https://registry.npmjs.org/is-typedarray/-/is-typedarray-1.0.0.tgz",
      "integrity": "sha1-5HnICFjfDBsR3dppQPlgEfzaSpo="
    },
    "iso8601-duration": {
      "version": "1.1.6",
      "resolved": "https://registry.npmjs.org/iso8601-duration/-/iso8601-duration-1.1.6.tgz",
      "integrity": "sha512-wyVl4tmjZyaoh9GeohL3Dh4DKwr8CgiOL8eFRyRJyk8nopHOhZ0Ql76EwOUvx3OGQeI08xGj8+4AJgyXYs3iJw==",
      "optional": true
    },
    "isstream": {
      "version": "0.1.2",
      "resolved": "https://registry.npmjs.org/isstream/-/isstream-0.1.2.tgz",
      "integrity": "sha1-R+Y/evVa+m+S4VAOaQ64uFKcCZo="
    },
    "javascript-natural-sort": {
      "version": "0.7.1",
      "resolved": "https://registry.npmjs.org/javascript-natural-sort/-/javascript-natural-sort-0.7.1.tgz",
      "integrity": "sha1-+eIwPUUH9tdDVac2ZNFED7Wg71k="
    },
    "jsbn": {
      "version": "0.1.1",
      "resolved": "https://registry.npmjs.org/jsbn/-/jsbn-0.1.1.tgz",
      "integrity": "sha1-peZUwuWi3rXyAdls77yoDA7y9RM=",
      "optional": true
    },
    "json-schema": {
      "version": "0.2.3",
      "resolved": "https://registry.npmjs.org/json-schema/-/json-schema-0.2.3.tgz",
      "integrity": "sha1-tIDIkuWaLwWVTOcnvT8qTogvnhM="
    },
    "json-schema-traverse": {
      "version": "0.3.1",
      "resolved": "https://registry.npmjs.org/json-schema-traverse/-/json-schema-traverse-0.3.1.tgz",
      "integrity": "sha1-NJptRMU6Ud6JtAgFxdXlm0F9M0A="
    },
    "json-stringify-safe": {
      "version": "5.0.1",
      "resolved": "https://registry.npmjs.org/json-stringify-safe/-/json-stringify-safe-5.0.1.tgz",
      "integrity": "sha1-Epai1Y/UXxmg9s4B1lcB4sc1tus="
    },
    "jsprim": {
      "version": "1.4.1",
      "resolved": "https://registry.npmjs.org/jsprim/-/jsprim-1.4.1.tgz",
      "integrity": "sha1-MT5mvB5cwG5Di8G3SZwuXFastqI=",
      "requires": {
        "assert-plus": "1.0.0",
        "extsprintf": "1.3.0",
        "json-schema": "0.2.3",
        "verror": "1.10.0"
      }
    },
    "kuromoji": {
      "version": "0.1.2",
      "resolved": "https://registry.npmjs.org/kuromoji/-/kuromoji-0.1.2.tgz",
      "integrity": "sha512-V0dUf+C2LpcPEXhoHLMAop/bOht16Dyr+mDiIE39yX3vqau7p80De/koFqpiTcL1zzdZlc3xuHZ8u5gjYRfFaQ==",
      "requires": {
        "async": "2.6.1",
        "doublearray": "0.0.2",
        "zlibjs": "0.3.1"
      }
    },
    "kuroshiro": {
      "version": "1.1.2",
      "resolved": "https://registry.npmjs.org/kuroshiro/-/kuroshiro-1.1.2.tgz",
      "integrity": "sha512-kM8OjYancYcr6awdfZum02tKR+p6+MheW+DojRHg71QunMdLPaXqY8sMP/FLsInioEiGs1T13zNyxjOG65K0KQ==",
      "requires": {
        "babel-runtime": "6.26.0"
      }
    },
    "kuroshiro-analyzer-kuromoji": {
      "version": "1.1.0",
      "resolved": "https://registry.npmjs.org/kuroshiro-analyzer-kuromoji/-/kuroshiro-analyzer-kuromoji-1.1.0.tgz",
      "integrity": "sha512-BSJFhpsQdPwfFLfjKxfLA9iL+/PC6LCR9vgwgb5Jc7jZwk9ilX8SAV6CwhAQZY611tiuhbB52ONYKDO8hgY1bA==",
      "requires": {
        "kuromoji": "0.1.2"
      }
    },
    "lodash": {
      "version": "4.17.11",
      "resolved": "https://registry.npmjs.org/lodash/-/lodash-4.17.11.tgz",
      "integrity": "sha512-cQKh8igo5QUhZ7lg38DYWAxMvjSAKG0A8wGSVimP07SIUEK2UO+arSRKbRZWtelMtN5V0Hkwh5ryOto/SshYIg=="
    },
    "long": {
      "version": "4.0.0",
      "resolved": "https://registry.npmjs.org/long/-/long-4.0.0.tgz",
      "integrity": "sha512-XsP+KhQif4bjX1kbuSiySJFNAehNxgLb6hPRGJ9QsUr8ajHkuXGdrHmFUTUUXhDwVX2R5bY4JNZEwbUiMhV+MA=="
    },
    "m3u8stream": {
      "version": "0.6.0",
      "resolved": "https://registry.npmjs.org/m3u8stream/-/m3u8stream-0.6.0.tgz",
      "integrity": "sha512-h78ollIa7zeq0nzx1+wI/EH0soUpe9A7sC6zw/+/tuRwYdIXedOytvI69+6eP/FU4Ph0cT6kQsw73j5tKXIbgg==",
      "requires": {
        "miniget": "1.5.1",
        "sax": "1.2.4"
      }
    },
    "mathjs": {
      "version": "5.2.3",
      "resolved": "https://registry.npmjs.org/mathjs/-/mathjs-5.2.3.tgz",
      "integrity": "sha512-XGwLHIHANLK2pU/C6HNsr0f/SSjixce5vesHV6F6R8uGaIPfkorr3MNhEsqlDDwkNXiyfkzc5qX7SMIfZ3NXiw==",
      "requires": {
        "complex.js": "2.0.11",
        "decimal.js": "10.0.1",
        "escape-latex": "1.2.0",
        "fraction.js": "4.0.10",
        "javascript-natural-sort": "0.7.1",
        "seed-random": "2.2.0",
        "tiny-emitter": "2.0.2",
        "typed-function": "1.1.0"
      }
    },
    "mime-db": {
      "version": "1.36.0",
      "resolved": "https://registry.npmjs.org/mime-db/-/mime-db-1.36.0.tgz",
      "integrity": "sha512-L+xvyD9MkoYMXb1jAmzI/lWYAxAMCPvIBSWur0PZ5nOf5euahRLVqH//FKW9mWp2lkqUgYiXPgkzfMUFi4zVDw=="
    },
    "mime-types": {
      "version": "2.1.20",
      "resolved": "https://registry.npmjs.org/mime-types/-/mime-types-2.1.20.tgz",
      "integrity": "sha512-HrkrPaP9vGuWbLK1B1FfgAkbqNjIuy4eHlIYnFi7kamZyLLrGlo2mpcx0bBmNpKqBtYtAfGbodDddIgddSJC2A==",
      "requires": {
        "mime-db": "1.36.0"
      }
    },
    "miniget": {
      "version": "1.5.1",
      "resolved": "https://registry.npmjs.org/miniget/-/miniget-1.5.1.tgz",
      "integrity": "sha512-KJ3AyIVZ76QuWAq43BWjkK+jLdhxhy3s4tsdg9Je91+cIFkeOSW2VEj2lSeKw50CPu1eCCkSbiQEBKL36mpA5w=="
    },
    "ms": {
      "version": "2.0.0",
      "resolved": "https://registry.npmjs.org/ms/-/ms-2.0.0.tgz",
      "integrity": "sha1-VgiurfwAvmwpAd9fmGF4jeDVl8g=",
      "optional": true
    },
    "musicmetadata": {
      "version": "2.0.5",
      "resolved": "https://registry.npmjs.org/musicmetadata/-/musicmetadata-2.0.5.tgz",
      "integrity": "sha1-eukQ2Z+67gXyvVQ67xC2++Hze9Q=",
      "requires": {
        "deep-equal": "0.2.1",
        "filereader-stream": "0.2.0",
        "is-stream": "1.1.0",
        "strtok2": "1.0.4",
        "through": "2.3.8"
      }
    },
    "node-fetch": {
      "version": "2.3.0",
      "resolved": "https://registry.npmjs.org/node-fetch/-/node-fetch-2.3.0.tgz",
      "integrity": "sha512-MOd8pV3fxENbryESLgVIeaGKrdl+uaYhCSSVkjeOb/31/njTpcis5aWfdqgNlHIrKOLRbMnfPINPOML2CIFeXA==",
      "optional": true
    },
    "oauth-sign": {
      "version": "0.8.2",
      "resolved": "https://registry.npmjs.org/oauth-sign/-/oauth-sign-0.8.2.tgz",
      "integrity": "sha1-Rqarfwrq2N6unsBWV4C31O/rnUM="
    },
    "opusscript": {
      "version": "0.0.6",
      "resolved": "https://registry.npmjs.org/opusscript/-/opusscript-0.0.6.tgz",
      "integrity": "sha512-F7nx1SWZCD5Rq2W+5Fx39HlkRkz/5Zqt0LglEB9uHexk8HjedDEiM+u/Y2rBfDFcS/0uQIWu2lJhw+Gjsta+cA=="
    },
    "performance-now": {
      "version": "2.1.0",
      "resolved": "https://registry.npmjs.org/performance-now/-/performance-now-2.1.0.tgz",
      "integrity": "sha1-Ywn04OX6kT7BxpMHrjZLSzd8nns="
    },
    "psl": {
      "version": "1.1.29",
      "resolved": "https://registry.npmjs.org/psl/-/psl-1.1.29.tgz",
      "integrity": "sha512-AeUmQ0oLN02flVHXWh9sSJF7mcdFq0ppid/JkErufc3hGIV/AMa8Fo9VgDo/cT2jFdOWoFvHp90qqBH54W+gjQ=="
    },
    "punycode": {
      "version": "1.4.1",
      "resolved": "https://registry.npmjs.org/punycode/-/punycode-1.4.1.tgz",
      "integrity": "sha1-wNWmOycYgArY4esPpSachN1BhF4="
    },
    "qs": {
      "version": "6.5.2",
      "resolved": "https://registry.npmjs.org/qs/-/qs-6.5.2.tgz",
      "integrity": "sha512-N5ZAX4/LxJmF+7wN74pUD6qAh9/wnvdQcjq9TZjevvXzSUo7bfmw91saqMjzGS2xq91/odN2dW/WOl7qQHNDGA=="
    },
    "regenerator-runtime": {
      "version": "0.11.1",
      "resolved": "https://registry.npmjs.org/regenerator-runtime/-/regenerator-runtime-0.11.1.tgz",
      "integrity": "sha512-MguG95oij0fC3QV3URf4V2SDYGJhJnJGqvIIgdECeODCT98wSWDAJ94SSuVpYQUoTcGUIL6L4yNB7j1DFFHSBg=="
    },
    "request": {
      "version": "2.88.0",
      "resolved": "https://registry.npmjs.org/request/-/request-2.88.0.tgz",
      "integrity": "sha512-NAqBSrijGLZdM0WZNsInLJpkJokL72XYjUpnB0iwsRgxh7dB6COrHnTBNwN0E+lHDAJzu7kLAkDeY08z2/A0hg==",
      "requires": {
        "aws-sign2": "0.7.0",
        "aws4": "1.8.0",
        "caseless": "0.12.0",
        "combined-stream": "1.0.6",
        "extend": "3.0.2",
        "forever-agent": "0.6.1",
        "form-data": "2.3.2",
        "har-validator": "5.1.0",
        "http-signature": "1.2.0",
        "is-typedarray": "1.0.0",
        "isstream": "0.1.2",
        "json-stringify-safe": "5.0.1",
        "mime-types": "2.1.20",
        "oauth-sign": "0.9.0",
        "performance-now": "2.1.0",
        "qs": "6.5.2",
        "safe-buffer": "5.1.2",
        "tough-cookie": "2.4.3",
        "tunnel-agent": "0.6.0",
        "uuid": "3.3.2"
      },
      "dependencies": {
        "har-validator": {
          "version": "5.1.0",
          "resolved": "https://registry.npmjs.org/har-validator/-/har-validator-5.1.0.tgz",
          "integrity": "sha512-+qnmNjI4OfH2ipQ9VQOw23bBd/ibtfbVdK2fYbY4acTDqKTW/YDp9McimZdDbG8iV9fZizUqQMD5xvriB146TA==",
          "requires": {
            "ajv": "5.5.2",
            "har-schema": "2.0.0"
          }
        },
        "oauth-sign": {
          "version": "0.9.0",
          "resolved": "https://registry.npmjs.org/oauth-sign/-/oauth-sign-0.9.0.tgz",
          "integrity": "sha512-fexhUFFPTGV8ybAtSIGbV6gOkSv8UtRbDBnAyLQw4QPKkgNlsH2ByPGtMUqdWkos6YCRmAqViwgZrJc/mRDzZQ=="
        },
        "tough-cookie": {
          "version": "2.4.3",
          "resolved": "https://registry.npmjs.org/tough-cookie/-/tough-cookie-2.4.3.tgz",
          "integrity": "sha512-Q5srk/4vDM54WJsJio3XNn6K2sCG+CQ8G5Wz6bZhRZoAe/+TxjWB/GlFAnYEbkYVlON9FMk/fE3h2RLpPXo4lQ==",
          "requires": {
            "psl": "1.1.29",
            "punycode": "1.4.1"
          }
        }
      }
    },
    "rss-parser": {
      "version": "3.5.4",
      "resolved": "https://registry.npmjs.org/rss-parser/-/rss-parser-3.5.4.tgz",
      "integrity": "sha512-dC7wHtz/p8QWQnsGgCB+HEYE01Dk8/AHMzSk0ZvoV3S0mhBqQNO/yi3H2fPh3qV2NNLNNEBg+8ZDSipKxjR5tQ==",
      "requires": {
        "entities": "1.1.2",
        "xml2js": "0.4.19"
      }
    },
    "safe-buffer": {
      "version": "5.1.2",
      "resolved": "https://registry.npmjs.org/safe-buffer/-/safe-buffer-5.1.2.tgz",
      "integrity": "sha512-Gd2UZBJDkXlY7GbJxfsE8/nvKkUEU1G38c1siN6QP6a9PT9MmHB8GnpscSmMJSoF8LOIrt8ud/wPtojys4G6+g=="
    },
    "safer-buffer": {
      "version": "2.1.2",
      "resolved": "https://registry.npmjs.org/safer-buffer/-/safer-buffer-2.1.2.tgz",
      "integrity": "sha512-YZo3K82SD7Riyi0E1EQPojLz7kpepnSQI9IyPbHHg1XXXevb5dJI7tpyN2ADxGcQbHG7vcyRHk0cbwqcQriUtg=="
    },
    "sax": {
      "version": "1.2.4",
      "resolved": "https://registry.npmjs.org/sax/-/sax-1.2.4.tgz",
      "integrity": "sha512-NqVDv9TpANUjFm0N8uM5GxL36UgKi9/atZw+x7YFnQ8ckwFGKrl4xX4yWtrey3UJm5nP1kUbnYgLopqWNSRhWw=="
    },
    "seed-random": {
      "version": "2.2.0",
      "resolved": "https://registry.npmjs.org/seed-random/-/seed-random-2.2.0.tgz",
      "integrity": "sha1-KpsZ4lCoFwmSMaW5mk2vgLf77VQ="
    },
    "seedrandom": {
      "version": "2.4.4",
      "resolved": "https://registry.npmjs.org/seedrandom/-/seedrandom-2.4.4.tgz",
      "integrity": "sha512-9A+PDmgm+2du77B5i0Ip2cxOqqHjgNxnBgglxLcX78A2D6c2rTo61z4jnVABpF4cKeDMDG+cmXXvdnqse2VqMA=="
    },
    "simple-youtube-api": {
      "version": "5.1.1",
      "resolved": "https://registry.npmjs.org/simple-youtube-api/-/simple-youtube-api-5.1.1.tgz",
      "integrity": "sha512-cbWRGTDjWDrC+8LR3gpLaXeRb0+e/eiX/bKYIS0tQ4gBUimhXVhsWWhzWJ49aTBnAA0vChrD3U0ZDL8/CUWNcA==",
      "optional": true,
      "requires": {
        "iso8601-duration": "1.1.6",
        "node-fetch": "2.3.0"
      }
    },
    "snekfetch": {
      "version": "3.6.4",
      "resolved": "https://registry.npmjs.org/snekfetch/-/snekfetch-3.6.4.tgz",
      "integrity": "sha512-NjxjITIj04Ffqid5lqr7XdgwM7X61c/Dns073Ly170bPQHLm6jkmelye/eglS++1nfTWktpP6Y2bFXjdPlQqdw=="
    },
    "sshpk": {
      "version": "1.14.2",
      "resolved": "https://registry.npmjs.org/sshpk/-/sshpk-1.14.2.tgz",
      "integrity": "sha1-xvxhZIo9nE52T9P8306hBeSSupg=",
      "requires": {
        "asn1": "0.2.4",
        "assert-plus": "1.0.0",
        "bcrypt-pbkdf": "1.0.2",
        "dashdash": "1.14.1",
        "ecc-jsbn": "0.1.2",
        "getpass": "0.1.7",
        "jsbn": "0.1.1",
        "safer-buffer": "2.1.2",
        "tweetnacl": "0.14.5"
      },
      "dependencies": {
        "tweetnacl": {
          "version": "0.14.5",
          "resolved": "https://registry.npmjs.org/tweetnacl/-/tweetnacl-0.14.5.tgz",
          "integrity": "sha1-WuaBd/GS1EViadEIr6k/+HQ/T2Q=",
          "optional": true
        }
      }
    },
    "strtok2": {
      "version": "1.0.4",
      "resolved": "https://registry.npmjs.org/strtok2/-/strtok2-1.0.4.tgz",
      "integrity": "sha1-35/7LnCjM2tGYOJn7wVH5hAnX8E="
    },
    "through": {
      "version": "2.3.8",
      "resolved": "https://registry.npmjs.org/through/-/through-2.3.8.tgz",
      "integrity": "sha1-DdTJ/6q8NXlgsbckEV1+Doai4fU="
    },
    "tiny-emitter": {
      "version": "2.0.2",
      "resolved": "https://registry.npmjs.org/tiny-emitter/-/tiny-emitter-2.0.2.tgz",
      "integrity": "sha512-2NM0auVBGft5tee/OxP4PI3d8WItkDM+fPnaRAVo6xTDI2knbz9eC5ArWGqtGlYqiH3RU5yMpdyTTO7MguC4ow=="
    },
    "tough-cookie": {
      "version": "2.3.4",
      "resolved": "https://registry.npmjs.org/tough-cookie/-/tough-cookie-2.3.4.tgz",
      "integrity": "sha512-TZ6TTfI5NtZnuyy/Kecv+CnoROnyXn2DN97LontgQpCwsX2XyLYCC0ENhYkehSOwAp8rTQKc/NUIF7BkQ5rKLA==",
      "requires": {
        "punycode": "1.4.1"
      }
    },
    "tunnel-agent": {
      "version": "0.6.0",
      "resolved": "https://registry.npmjs.org/tunnel-agent/-/tunnel-agent-0.6.0.tgz",
      "integrity": "sha1-J6XeoGs2sEoKmWZ3SykIaPD8QP0=",
      "requires": {
        "safe-buffer": "5.1.2"
      }
    },
    "tweetnacl": {
      "version": "1.0.0",
      "resolved": "https://registry.npmjs.org/tweetnacl/-/tweetnacl-1.0.0.tgz",
      "integrity": "sha1-cT2LgY2kIGh0C/aDhtBHnmb8ins="
    },
    "typed-function": {
      "version": "1.1.0",
      "resolved": "https://registry.npmjs.org/typed-function/-/typed-function-1.1.0.tgz",
      "integrity": "sha512-TuQzwiT4DDg19beHam3E66oRXhyqlyfgjHB/5fcvsRXbfmWPJfto9B4a0TBdTrQAPGlGmXh/k7iUI+WsObgORA=="
    },
    "underscore": {
      "version": "1.9.1",
      "resolved": "https://registry.npmjs.org/underscore/-/underscore-1.9.1.tgz",
      "integrity": "sha512-5/4etnCkd9c8gwgowi5/om/mYO5ajCaOgdzj/oW+0eQV9WxKBDZw5+ycmKmeaTXjInS/W0BzpGLo2xR2aBwZdg=="
    },
    "uuid": {
      "version": "3.3.2",
      "resolved": "https://registry.npmjs.org/uuid/-/uuid-3.3.2.tgz",
      "integrity": "sha512-yXJmeNaw3DnnKAOKJE51sL/ZaYfWJRl1pK9dr19YFCu0ObS231AB1/LbqTKRAQ5kw8A90rA6fr4riOUpTZvQZA=="
    },
    "verror": {
      "version": "1.10.0",
      "resolved": "https://registry.npmjs.org/verror/-/verror-1.10.0.tgz",
      "integrity": "sha1-OhBcoXBTr1XW4nDB+CiGguGNpAA=",
      "requires": {
        "assert-plus": "1.0.0",
        "core-util-is": "1.0.2",
        "extsprintf": "1.3.0"
      }
    },
    "ws": {
      "version": "4.1.0",
      "resolved": "https://registry.npmjs.org/ws/-/ws-4.1.0.tgz",
      "integrity": "sha512-ZGh/8kF9rrRNffkLFV4AzhvooEclrOH0xaugmqGsIfFgOE/pIz4fMc4Ef+5HSQqTEug2S9JZIWDR47duDSLfaA==",
      "requires": {
        "async-limiter": "1.0.0",
        "safe-buffer": "5.1.2"
      }
    },
    "xml2js": {
      "version": "0.4.19",
      "resolved": "https://registry.npmjs.org/xml2js/-/xml2js-0.4.19.tgz",
      "integrity": "sha512-esZnJZJOiJR9wWKMyuvSE1y6Dq5LCuJanqhxslH2bxM6duahNZ+HMpCLhBQGZkbX6xRf8x1Y2eJlgt2q3qo49Q==",
      "requires": {
        "sax": "1.2.4",
        "xmlbuilder": "9.0.7"
      }
    },
    "xmlbuilder": {
      "version": "9.0.7",
      "resolved": "https://registry.npmjs.org/xmlbuilder/-/xmlbuilder-9.0.7.tgz",
      "integrity": "sha1-Ey7mPS7FVlxVfiD0wi35rKaGsQ0="
    },
    "ytdl-core": {
      "version": "0.28.0",
      "resolved": "https://registry.npmjs.org/ytdl-core/-/ytdl-core-0.28.0.tgz",
      "integrity": "sha512-pk1nd0MPZLyMOENUOCFLBJ/m59XFqSWPzSY2UhdG7PHBwYtROAY5QRLoYEG0V21h7i3KUeHbnFq8czio5gPKYA==",
      "requires": {
        "html-entities": "1.2.1",
        "m3u8stream": "0.6.0",
        "miniget": "1.5.1",
        "sax": "1.2.4"
      }
    },
    "zlibjs": {
      "version": "0.3.1",
      "resolved": "https://registry.npmjs.org/zlibjs/-/zlibjs-0.3.1.tgz",
      "integrity": "sha1-UBl+2yihxCymWcyLTmqd3W1ERVQ="
    }
  }
}
